# THIS IS AN AUTOGENERATED FILE. DO NOT EDIT THIS FILE DIRECTLY.
# yarn lockfile v1


"@babel/runtime@^7.18.9":
  version "7.18.9"
  resolved "https://registry.yarnpkg.com/@babel/runtime/-/runtime-7.18.9.tgz#b4fcfce55db3d2e5e080d2490f608a3b9f407f4a"
  integrity sha512-lkqXDcvlFT5rvEjiu6+QYO+1GXrEHRo2LOtS7E4GtX5ESIZOgepqsZBVIj6Pv+a6zqsya9VCgiK1KAK4BvJDAw==
  dependencies:
    regenerator-runtime "^0.13.4"

"@noble/hashes@1.1.2":
  version "1.1.2"
  resolved "https://registry.yarnpkg.com/@noble/hashes/-/hashes-1.1.2.tgz#e9e035b9b166ca0af657a7848eb2718f0f22f183"
  integrity sha512-KYRCASVTv6aeUi1tsF8/vpyR7zpfs3FUzy2Jqm+MU+LmUKhQ0y2FpfwqkCcxSg2ua4GALJd8k2R76WxwZGbQpA==

"@noble/secp256k1@1.6.3":
  version "1.6.3"
  resolved "https://registry.yarnpkg.com/@noble/secp256k1/-/secp256k1-1.6.3.tgz#7eed12d9f4404b416999d0c87686836c4c5c9b94"
  integrity sha512-T04e4iTurVy7I8Sw4+c5OSN9/RkPlo1uKxAomtxQNLq8j1uPAqnsqG1bqvY3Jv7c13gyr6dui0zmh/I3+f/JaQ==

"@polkadot/keyring@^10.1.3":
  version "10.1.3"
  resolved "https://registry.yarnpkg.com/@polkadot/keyring/-/keyring-10.1.3.tgz#a6eb65cd902fe12a30ed5c0bdddf61b52c8f5905"
  integrity sha512-juJLb+ovO2HHXSSNn4pBO8Gahz60vB1vk3pRHXjrt5elXEL5LxzaqygjB7oFmow68RChCPoRhw79U7G3Z6KhRw==
  dependencies:
    "@babel/runtime" "^7.18.9"
    "@polkadot/util" "10.1.3"
    "@polkadot/util-crypto" "10.1.3"

"@polkadot/networks@10.1.3":
  version "10.1.3"
  resolved "https://registry.yarnpkg.com/@polkadot/networks/-/networks-10.1.3.tgz#032aa0eadfe64463f95105d1c5c326fb67ae80fa"
  integrity sha512-ibHdnJ+w9iKYUjRF7W20yiC/bgJ7l3Dw93LeuDG8J16Z8IQhqwlNxeIZcwrsf7+UN2n1cwpiSaJj+Fwlw0wmZQ==
  dependencies:
    "@babel/runtime" "^7.18.9"
    "@polkadot/util" "10.1.3"
    "@substrate/ss58-registry" "^1.25.0"

"@polkadot/types-augment@9.1.1":
  version "9.1.1"
  resolved "https://registry.yarnpkg.com/@polkadot/types-augment/-/types-augment-9.1.1.tgz#b4c87ba3067e6339384d54bd54ef44ae33668d29"
  integrity sha512-Q5Ga0HORVehRhpeZEO6rckAPYpgUOp7Bu1qFH+eUbwOq3rQRlvYJJCUnBUsaHHNh1t7pUqmwMTEeCH90wrkH5g==
  dependencies:
    "@babel/runtime" "^7.18.9"
    "@polkadot/types" "9.1.1"
    "@polkadot/types-codec" "9.1.1"
    "@polkadot/util" "^10.1.3"

"@polkadot/types-codec@9.1.1":
  version "9.1.1"
  resolved "https://registry.yarnpkg.com/@polkadot/types-codec/-/types-codec-9.1.1.tgz#79bf4de8f24e8f01346cdf4d6ec3d8a27f3d4103"
  integrity sha512-dxNGtdY8ENvfqMp72cUV2ddjbHdEPfBSNYkWW160FX8X1zm9NREuM7TpVimNNfZ5K16wsTLDSMvYp59VcGjkQQ==
  dependencies:
    "@babel/runtime" "^7.18.9"
    "@polkadot/util" "^10.1.3"
    "@polkadot/x-bigint" "^10.1.3"

"@polkadot/types-create@9.1.1":
  version "9.1.1"
  resolved "https://registry.yarnpkg.com/@polkadot/types-create/-/types-create-9.1.1.tgz#4a34f63955f53b802bf0f0f98b08f92bc9d11d6e"
  integrity sha512-V8A/JQFU0ryz0KZqW0LAhW1fbtI5OvwZf5P9Q0iz2qansyyZkKQkMacDdV63g1XfphR2Nv/BhrHbZXgoNbTuhw==
  dependencies:
    "@babel/runtime" "^7.18.9"
    "@polkadot/types-codec" "9.1.1"
    "@polkadot/util" "^10.1.3"

"@polkadot/types@9.1.1", "@polkadot/types@^9.1.1":
  version "9.1.1"
  resolved "https://registry.yarnpkg.com/@polkadot/types/-/types-9.1.1.tgz#491c364614adf06a419d5a4908865f565e798a74"
  integrity sha512-hEA8Pnc6ipHKUHxMS0gtjpYuus5y+yzE+t14VnSfRiqDtug3lj8SfAuaKpMuWytsJzwuP8GvzdsOHgu8zu0gzg==
  dependencies:
    "@babel/runtime" "^7.18.9"
    "@polkadot/keyring" "^10.1.3"
    "@polkadot/types-augment" "9.1.1"
    "@polkadot/types-codec" "9.1.1"
    "@polkadot/types-create" "9.1.1"
    "@polkadot/util" "^10.1.3"
    "@polkadot/util-crypto" "^10.1.3"
    rxjs "^7.5.6"

"@polkadot/util-crypto@10.1.3", "@polkadot/util-crypto@^10.1.3":
  version "10.1.3"
  resolved "https://registry.yarnpkg.com/@polkadot/util-crypto/-/util-crypto-10.1.3.tgz#66c34473502d90510d0ec20d543f3e59dbd2fec9"
  integrity sha512-fh16MfsijRhntiXoUj3uXbaI4WE/BAqmswDXTSdxkTQpj4LpM8jdWM/OdWdep5VJ/YYe4bYPCsJw40Qo50mACA==
  dependencies:
    "@babel/runtime" "^7.18.9"
    "@noble/hashes" "1.1.2"
    "@noble/secp256k1" "1.6.3"
    "@polkadot/networks" "10.1.3"
    "@polkadot/util" "10.1.3"
    "@polkadot/wasm-crypto" "^6.3.1"
    "@polkadot/x-bigint" "10.1.3"
    "@polkadot/x-randomvalues" "10.1.3"
    "@scure/base" "1.1.1"
    ed2curve "^0.3.0"
    tweetnacl "^1.0.3"

"@polkadot/util@10.1.3", "@polkadot/util@^10.1.3":
  version "10.1.3"
  resolved "https://registry.yarnpkg.com/@polkadot/util/-/util-10.1.3.tgz#8f2957afd89276dafe990a9fae2a90399cd3f19b"
  integrity sha512-/uHeY453O5jThalqVmo19FDt312SiHBPOzeIDlqFud9jniXilm5dCWEZ4yY3fjR5xGqxsy8wG8W5pgITvtyexg==
  dependencies:
    "@babel/runtime" "^7.18.9"
    "@polkadot/x-bigint" "10.1.3"
    "@polkadot/x-global" "10.1.3"
    "@polkadot/x-textdecoder" "10.1.3"
    "@polkadot/x-textencoder" "10.1.3"
    "@types/bn.js" "^5.1.0"
    bn.js "^5.2.1"

"@polkadot/wasm-bridge@6.3.1":
  version "6.3.1"
  resolved "https://registry.yarnpkg.com/@polkadot/wasm-bridge/-/wasm-bridge-6.3.1.tgz#439fa78e80947a7cb695443e1f64b25c30bb1487"
  integrity sha512-1TYkHsb9AEFhU9uZj3biEnN2yKQNzdrwSjiTvfCYnt97pnEkKsZI6cku+YPZQv5w/x9CQa5Yua9e2DVVZSivGA==
  dependencies:
    "@babel/runtime" "^7.18.9"

"@polkadot/wasm-crypto-asmjs@6.3.1":
  version "6.3.1"
  resolved "https://registry.yarnpkg.com/@polkadot/wasm-crypto-asmjs/-/wasm-crypto-asmjs-6.3.1.tgz#e8f469c9cf4a7709c8131a96f857291953f3e30a"
  integrity sha512-zbombRfA5v/mUWQQhgg2YwaxhRmxRIrvskw65x+lruax3b6xPBFDs7yplopiJU3r8h2pTgQvX/DUksvqz2TCRQ==
  dependencies:
    "@babel/runtime" "^7.18.9"

"@polkadot/wasm-crypto-init@6.3.1":
  version "6.3.1"
  resolved "https://registry.yarnpkg.com/@polkadot/wasm-crypto-init/-/wasm-crypto-init-6.3.1.tgz#b590220c53c94b9a54d5dc236d0cbe943db76706"
  integrity sha512-9yaUBcu+snwjJLmPPGl3cyGRQ1afyFGm16qzTM0sgG/ZCfUlK4uk8KWZe+sBUKgoxb2oXY7Y4WklKgQI1YBdfw==
  dependencies:
    "@babel/runtime" "^7.18.9"
    "@polkadot/wasm-bridge" "6.3.1"
    "@polkadot/wasm-crypto-asmjs" "6.3.1"
    "@polkadot/wasm-crypto-wasm" "6.3.1"

"@polkadot/wasm-crypto-wasm@6.3.1":
  version "6.3.1"
  resolved "https://registry.yarnpkg.com/@polkadot/wasm-crypto-wasm/-/wasm-crypto-wasm-6.3.1.tgz#67f720e7f9694fef096abe9d60abbac02e032383"
  integrity sha512-idSlzKGVzCfeCMRHsacRvqwojSaTadFxL/Dbls4z1thvfa3U9Ku0d2qVtlwg7Hj+tYWDiuP8Kygs+6bQwfs0XA==
  dependencies:
    "@babel/runtime" "^7.18.9"
    "@polkadot/wasm-util" "6.3.1"

"@polkadot/wasm-crypto@^6.3.1":
  version "6.3.1"
  resolved "https://registry.yarnpkg.com/@polkadot/wasm-crypto/-/wasm-crypto-6.3.1.tgz#63f5798aca2b2ff0696f190e6862d9781d8f280c"
  integrity sha512-OO8h0qeVkqp4xYZaRVl4iuWOEtq282pNBHDKb6SOJuI2g59eWGcKh4EQU9Me2VP6qzojIqptrkrVt7KQXC68gA==
  dependencies:
    "@babel/runtime" "^7.18.9"
    "@polkadot/wasm-bridge" "6.3.1"
    "@polkadot/wasm-crypto-asmjs" "6.3.1"
    "@polkadot/wasm-crypto-init" "6.3.1"
    "@polkadot/wasm-crypto-wasm" "6.3.1"
    "@polkadot/wasm-util" "6.3.1"

"@polkadot/wasm-util@6.3.1":
  version "6.3.1"
  resolved "https://registry.yarnpkg.com/@polkadot/wasm-util/-/wasm-util-6.3.1.tgz#439ebb68a436317af388ed6438b8f879df3afcda"
  integrity sha512-12oAv5J7Yoc9m6jixrSaQCxpOkWOyzHx3DMC8qmLjRiwdBWxqLmImOVRVnFsbaxqSbhBIHRuJphVxWE+GZETDg==
  dependencies:
    "@babel/runtime" "^7.18.9"

"@polkadot/x-bigint@10.1.3", "@polkadot/x-bigint@^10.1.3":
  version "10.1.3"
  resolved "https://registry.yarnpkg.com/@polkadot/x-bigint/-/x-bigint-10.1.3.tgz#29fa05978c58fe8c2986fcccb37a09fc9dab86d6"
  integrity sha512-OVZhi44i/ry5cuKX+6WeMtn+SegisivKQfbE5XyZ9X0Cz+hmX4cbkhqmmSuFq3eWFfgDvZ3u3VjZoWbx/790Bg==
  dependencies:
    "@babel/runtime" "^7.18.9"
    "@polkadot/x-global" "10.1.3"

"@polkadot/x-global@10.1.3":
  version "10.1.3"
  resolved "https://registry.yarnpkg.com/@polkadot/x-global/-/x-global-10.1.3.tgz#c711ea11256faff10ce0e36d3d5f96d65c53a006"
  integrity sha512-+ff9n1ceyL/qOL0Tjxnw5c7U/b6wtUjzWSWlEWHr5ZHQfVqnkntsObgvkcL8+oXZAwNDf54Dz+LVOWlSkn4Dwg==
  dependencies:
    "@babel/runtime" "^7.18.9"

"@polkadot/x-randomvalues@10.1.3":
  version "10.1.3"
  resolved "https://registry.yarnpkg.com/@polkadot/x-randomvalues/-/x-randomvalues-10.1.3.tgz#89b37ad93f4dcdc5c4bc61e00dbca2052f2742b9"
  integrity sha512-3AeYOWSXNVQdUQz/kIJyY3FGLZHoCB6hexMXoeJUw7gn3j3ifzsBW1gBHU10JyGQlMPtMD+UMJBxip1axsWVGw==
  dependencies:
    "@babel/runtime" "^7.18.9"
    "@polkadot/x-global" "10.1.3"

"@polkadot/x-textdecoder@10.1.3":
  version "10.1.3"
  resolved "https://registry.yarnpkg.com/@polkadot/x-textdecoder/-/x-textdecoder-10.1.3.tgz#192f5b7277f024e7ed79de412950efc1aa9fe7b5"
  integrity sha512-/aD6vSl7jebBCuE5TYAfM+lxNDz7194Pg0Pi2WgaKg4M+lVZTFi8oNvx3POdGfqEVjct1x5YOijCKe5qddZpZw==
  dependencies:
    "@babel/runtime" "^7.18.9"
    "@polkadot/x-global" "10.1.3"

"@polkadot/x-textencoder@10.1.3":
  version "10.1.3"
  resolved "https://registry.yarnpkg.com/@polkadot/x-textencoder/-/x-textencoder-10.1.3.tgz#c498a16a017b46e7b9c1cc8460a2c8bbe30c6a2e"
  integrity sha512-n2azXXs41pjLWw19UI4QExbWsp7/jq8b76Q30g++yYerw0UW/uYuc899QVCt+iPkOCKwEApd/iR32hmuMLM5+A==
  dependencies:
    "@babel/runtime" "^7.18.9"
    "@polkadot/x-global" "10.1.3"

"@scure/base@1.1.1":
  version "1.1.1"
  resolved "https://registry.yarnpkg.com/@scure/base/-/base-1.1.1.tgz#ebb651ee52ff84f420097055f4bf46cfba403938"
  integrity sha512-ZxOhsSyxYwLJj3pLZCefNitxsj093tb2vq90mp2txoYeBqbcjDjqFhyM8eUjq/uFm6zJ+mUuqxlS2FkuSY1MTA==

"@substrate/ss58-registry@^1.25.0":
  version "1.25.0"
  resolved "https://registry.yarnpkg.com/@substrate/ss58-registry/-/ss58-registry-1.25.0.tgz#0fcd8c9c0e53963a88fbed41f2cbd8a1a5c74cde"
  integrity sha512-LmCH4QJRdHaeLsLTPSgJaXguMoIW+Ig9fA9LRPpeya9HefVAJ7gZuUYinldv+QmX7evNm5CL0rspNUS8l1DvXg==

"@types/bn.js@^5.1.0":
  version "5.1.0"
  resolved "https://registry.yarnpkg.com/@types/bn.js/-/bn.js-5.1.0.tgz#32c5d271503a12653c62cf4d2b45e6eab8cebc68"
  integrity sha512-QSSVYj7pYFN49kW77o2s9xTCwZ8F2xLbjLLSEVh8D2F4JUhZtPAGOFLTD+ffqksBx/u4cE/KImFjyhqCjn/LIA==
  dependencies:
    "@types/node" "*"

"@types/node@*":
  version "14.14.41"
  resolved "https://registry.yarnpkg.com/@types/node/-/node-14.14.41.tgz#d0b939d94c1d7bd53d04824af45f1139b8c45615"
  integrity sha512-dueRKfaJL4RTtSa7bWeTK1M+VH+Gns73oCgzvYfHZywRCoPSd8EkXBL0mZ9unPTveBn+D9phZBaxuzpwjWkW0g==

bn.js@^5.2.1:
  version "5.2.1"
  resolved "https://registry.yarnpkg.com/bn.js/-/bn.js-5.2.1.tgz#0bc527a6a0d18d0aa8d5b0538ce4a77dccfa7b70"
  integrity sha512-eXRvHzWyYPBuB4NBy0cmYQjGitUrtqwbvlzP3G6VFnNRbsZQIxQ10PbKKHt8gZ/HW/D/747aDl+QkDqg3KQLMQ==

ed2curve@^0.3.0:
  version "0.3.0"
  resolved "https://registry.yarnpkg.com/ed2curve/-/ed2curve-0.3.0.tgz#322b575152a45305429d546b071823a93129a05d"
  integrity sha512-8w2fmmq3hv9rCrcI7g9hms2pMunQr1JINfcjwR9tAyZqhtyaMN991lF/ZfHfr5tzZQ8c7y7aBgZbjfbd0fjFwQ==
  dependencies:
    tweetnacl "1.x.x"

regenerator-runtime@^0.13.4:
  version "0.13.7"
  resolved "https://registry.yarnpkg.com/regenerator-runtime/-/regenerator-runtime-0.13.7.tgz#cac2dacc8a1ea675feaabaeb8ae833898ae46f55"
  integrity sha512-a54FxoJDIr27pgf7IgeQGxmqUNYrcV338lf/6gH456HZ/PhX+5BcwHXG9ajESmwe6WRO0tAzRUrRmNONWgkrew==

rxjs@^7.5.6:
  version "7.5.6"
  resolved "https://registry.yarnpkg.com/rxjs/-/rxjs-7.5.6.tgz#0446577557862afd6903517ce7cae79ecb9662bc"
  integrity sha512-dnyv2/YsXhnm461G+R/Pe5bWP41Nm6LBXEYWI6eiFP4fiwx6WRI/CD0zbdVAudd9xwLEF2IDcKXLHit0FYjUzw==
  dependencies:
    tslib "^2.1.0"

tslib@^2.1.0:
  version "2.4.0"
  resolved "https://registry.yarnpkg.com/tslib/-/tslib-2.4.0.tgz#7cecaa7f073ce680a05847aa77be941098f36dc3"
  integrity sha512-d6xOpEDfsi2CZVlPQzGeux8XMwLT9hssAsaPYExaQMuYskwb+x1x7J371tWlbBdWHroy99KnVB6qIkUbs5X3UQ==

tweetnacl@1.x.x, tweetnacl@^1.0.3:
  version "1.0.3"
  resolved "https://registry.yarnpkg.com/tweetnacl/-/tweetnacl-1.0.3.tgz#ac0af71680458d8a6378d0d0d050ab1407d35596"
  integrity sha512-6rt+RN7aOi1nGMyC4Xa5DdYiukl2UWCbcJft7YhxReBGQD7OAM8Pbxw6YMo4r2diNEA8FEmu32YOn9rhaiE5yw==

typescript@^4.3.5:
  version "4.3.5"
  resolved "https://registry.yarnpkg.com/typescript/-/typescript-4.3.5.tgz#4d1c37cc16e893973c45a06886b7113234f119f4"
  integrity sha512-DqQgihaQ9cUrskJo9kIyW/+g0Vxsk8cDtZ52a3NGh0YNTfpUSArXSohyUGnvbPazEPLu398C0UxmKSOrPumUzA==
