# THIS IS AN AUTOGENERATED FILE. DO NOT EDIT THIS FILE DIRECTLY.
# yarn lockfile v1


"@babel/runtime@^7.18.9":
  version "7.18.9"
  resolved "https://registry.yarnpkg.com/@babel/runtime/-/runtime-7.18.9.tgz#b4fcfce55db3d2e5e080d2490f608a3b9f407f4a"
  integrity sha512-lkqXDcvlFT5rvEjiu6+QYO+1GXrEHRo2LOtS7E4GtX5ESIZOgepqsZBVIj6Pv+a6zqsya9VCgiK1KAK4BvJDAw==
  dependencies:
    regenerator-runtime "^0.13.4"

"@noble/hashes@1.1.2":
  version "1.1.2"
  resolved "https://registry.yarnpkg.com/@noble/hashes/-/hashes-1.1.2.tgz#e9e035b9b166ca0af657a7848eb2718f0f22f183"
  integrity sha512-KYRCASVTv6aeUi1tsF8/vpyR7zpfs3FUzy2Jqm+MU+LmUKhQ0y2FpfwqkCcxSg2ua4GALJd8k2R76WxwZGbQpA==

"@noble/secp256k1@1.6.3":
  version "1.6.3"
  resolved "https://registry.yarnpkg.com/@noble/secp256k1/-/secp256k1-1.6.3.tgz#7eed12d9f4404b416999d0c87686836c4c5c9b94"
  integrity sha512-T04e4iTurVy7I8Sw4+c5OSN9/RkPlo1uKxAomtxQNLq8j1uPAqnsqG1bqvY3Jv7c13gyr6dui0zmh/I3+f/JaQ==

"@polkadot/keyring@^10.1.7":
  version "10.1.7"
  resolved "https://registry.yarnpkg.com/@polkadot/keyring/-/keyring-10.1.7.tgz#d51be1dc5807c961889847d8f0e10e4bbdd19d3f"
  integrity sha512-lArwaAS3hDs+HHupDIC4r2mFaAfmNQV2YzwL2wM5zhOqB2RugN03BFrgwNll0y9/Bg8rYDqM3Y5BvVMzgMZ6XA==
  dependencies:
    "@babel/runtime" "^7.18.9"
    "@polkadot/util" "10.1.7"
    "@polkadot/util-crypto" "10.1.7"

"@polkadot/networks@10.1.7":
  version "10.1.7"
  resolved "https://registry.yarnpkg.com/@polkadot/networks/-/networks-10.1.7.tgz#33b38d70409e2daf0990ef18ff150c6718ffb700"
  integrity sha512-ol864SZ/GwAF72GQOPRy+Y9r6NtgJJjMBlDLESvV5VK64eEB0MRSSyiOdd7y/4SumR9crrrNimx3ynACFgxZ8A==
  dependencies:
    "@babel/runtime" "^7.18.9"
    "@polkadot/util" "10.1.7"
    "@substrate/ss58-registry" "^1.28.0"

"@polkadot/types-augment@9.3.2":
  version "9.3.2"
  resolved "https://registry.yarnpkg.com/@polkadot/types-augment/-/types-augment-9.3.2.tgz#c02ab1df7fd008a0fb6c63652cf521dcde70c05f"
  integrity sha512-dXA5kZ32YN//lePSWVtIR/9xG12BVA5eEoQtDOvxuin+7Hp4XL9YpNopy2QynFrF9Qkw9n6p+DOJHlU8eMoPDg==
  dependencies:
    "@babel/runtime" "^7.18.9"
    "@polkadot/types" "9.3.2"
    "@polkadot/types-codec" "9.3.2"
    "@polkadot/util" "^10.1.7"

"@polkadot/types-codec@9.3.2":
  version "9.3.2"
  resolved "https://registry.yarnpkg.com/@polkadot/types-codec/-/types-codec-9.3.2.tgz#65d58f41f51723c02b5c685c955aec7dfb6f4399"
  integrity sha512-XhcgJQev7gUvlmifibVCX/UpI75I9KOfVGzUUvAJvd53LdmK44Pkqd9pbk6O8iY6IaQovZWiWRLsL1tr1fnn1A==
  dependencies:
    "@babel/runtime" "^7.18.9"
    "@polkadot/util" "^10.1.7"
    "@polkadot/x-bigint" "^10.1.7"

"@polkadot/types-create@9.3.2":
  version "9.3.2"
  resolved "https://registry.yarnpkg.com/@polkadot/types-create/-/types-create-9.3.2.tgz#86dbab8541601c9a5b8f6f63128511b202a3f883"
  integrity sha512-yIRrm9nhOPu7asIdo5j4tB6GhDqUIK6zLJyEApx6gsjI+09wgvHwCfWOc6H7ziqkGmt/He56ISjYNPULtQqt/g==
  dependencies:
    "@babel/runtime" "^7.18.9"
    "@polkadot/types-codec" "9.3.2"
    "@polkadot/util" "^10.1.7"

"@polkadot/types@9.3.2", "@polkadot/types@^9.1.1":
  version "9.3.2"
  resolved "https://registry.yarnpkg.com/@polkadot/types/-/types-9.3.2.tgz#77387f61abc12423d29a409b2b0333dc5aa1f5e3"
  integrity sha512-fqL9QHejDmN4FnfH0H9/FDtsX4XWF7TDcYiBTNSISaosCIEvUw2cNCU0z+a9w8PiQ7unyTgrMbeY+mJm3XnPqQ==
  dependencies:
    "@babel/runtime" "^7.18.9"
    "@polkadot/keyring" "^10.1.7"
    "@polkadot/types-augment" "9.3.2"
    "@polkadot/types-codec" "9.3.2"
    "@polkadot/types-create" "9.3.2"
    "@polkadot/util" "^10.1.7"
    "@polkadot/util-crypto" "^10.1.7"
    rxjs "^7.5.6"

"@polkadot/util-crypto@10.1.7", "@polkadot/util-crypto@^10.1.7":
  version "10.1.7"
  resolved "https://registry.yarnpkg.com/@polkadot/util-crypto/-/util-crypto-10.1.7.tgz#fe5ea006bf23ae19319f3ac9236905a984a65e2f"
  integrity sha512-zGmSU7a0wdWfpDtfc+Q7fUuW+extu9o1Uh4JpkuwwZ/dxmyW5xlfqVsIScM1pdPyjJsyamX8KwsKiVsW4slasg==
  dependencies:
    "@babel/runtime" "^7.18.9"
    "@noble/hashes" "1.1.2"
    "@noble/secp256k1" "1.6.3"
    "@polkadot/networks" "10.1.7"
    "@polkadot/util" "10.1.7"
    "@polkadot/wasm-crypto" "^6.3.1"
    "@polkadot/x-bigint" "10.1.7"
    "@polkadot/x-randomvalues" "10.1.7"
    "@scure/base" "1.1.1"
    ed2curve "^0.3.0"
    tweetnacl "^1.0.3"

"@polkadot/util@10.1.7", "@polkadot/util@^10.1.7":
  version "10.1.7"
  resolved "https://registry.yarnpkg.com/@polkadot/util/-/util-10.1.7.tgz#c54ca2a5b29cb834b40d8a876baefa3a0efb93af"
  integrity sha512-s7gDLdNb4HUpoe3faXwoO6HwiUp8pi66voYKiUYRh1kEtW1o9vGBgyZPHPGC/FBgILzTJKii/9XxnSex60zBTA==
  dependencies:
    "@babel/runtime" "^7.18.9"
    "@polkadot/x-bigint" "10.1.7"
    "@polkadot/x-global" "10.1.7"
    "@polkadot/x-textdecoder" "10.1.7"
    "@polkadot/x-textencoder" "10.1.7"
    "@types/bn.js" "^5.1.1"
    bn.js "^5.2.1"

"@polkadot/wasm-bridge@6.3.1":
  version "6.3.1"
  resolved "https://registry.yarnpkg.com/@polkadot/wasm-bridge/-/wasm-bridge-6.3.1.tgz#439fa78e80947a7cb695443e1f64b25c30bb1487"
  integrity sha512-1TYkHsb9AEFhU9uZj3biEnN2yKQNzdrwSjiTvfCYnt97pnEkKsZI6cku+YPZQv5w/x9CQa5Yua9e2DVVZSivGA==
  dependencies:
    "@babel/runtime" "^7.18.9"

"@polkadot/wasm-crypto-asmjs@6.3.1":
  version "6.3.1"
  resolved "https://registry.yarnpkg.com/@polkadot/wasm-crypto-asmjs/-/wasm-crypto-asmjs-6.3.1.tgz#e8f469c9cf4a7709c8131a96f857291953f3e30a"
  integrity sha512-zbombRfA5v/mUWQQhgg2YwaxhRmxRIrvskw65x+lruax3b6xPBFDs7yplopiJU3r8h2pTgQvX/DUksvqz2TCRQ==
  dependencies:
    "@babel/runtime" "^7.18.9"

"@polkadot/wasm-crypto-init@6.3.1":
  version "6.3.1"
  resolved "https://registry.yarnpkg.com/@polkadot/wasm-crypto-init/-/wasm-crypto-init-6.3.1.tgz#b590220c53c94b9a54d5dc236d0cbe943db76706"
  integrity sha512-9yaUBcu+snwjJLmPPGl3cyGRQ1afyFGm16qzTM0sgG/ZCfUlK4uk8KWZe+sBUKgoxb2oXY7Y4WklKgQI1YBdfw==
  dependencies:
    "@babel/runtime" "^7.18.9"
    "@polkadot/wasm-bridge" "6.3.1"
    "@polkadot/wasm-crypto-asmjs" "6.3.1"
    "@polkadot/wasm-crypto-wasm" "6.3.1"

"@polkadot/wasm-crypto-wasm@6.3.1":
  version "6.3.1"
  resolved "https://registry.yarnpkg.com/@polkadot/wasm-crypto-wasm/-/wasm-crypto-wasm-6.3.1.tgz#67f720e7f9694fef096abe9d60abbac02e032383"
  integrity sha512-idSlzKGVzCfeCMRHsacRvqwojSaTadFxL/Dbls4z1thvfa3U9Ku0d2qVtlwg7Hj+tYWDiuP8Kygs+6bQwfs0XA==
  dependencies:
    "@babel/runtime" "^7.18.9"
    "@polkadot/wasm-util" "6.3.1"

"@polkadot/wasm-crypto@^6.3.1":
  version "6.3.1"
  resolved "https://registry.yarnpkg.com/@polkadot/wasm-crypto/-/wasm-crypto-6.3.1.tgz#63f5798aca2b2ff0696f190e6862d9781d8f280c"
  integrity sha512-OO8h0qeVkqp4xYZaRVl4iuWOEtq282pNBHDKb6SOJuI2g59eWGcKh4EQU9Me2VP6qzojIqptrkrVt7KQXC68gA==
  dependencies:
    "@babel/runtime" "^7.18.9"
    "@polkadot/wasm-bridge" "6.3.1"
    "@polkadot/wasm-crypto-asmjs" "6.3.1"
    "@polkadot/wasm-crypto-init" "6.3.1"
    "@polkadot/wasm-crypto-wasm" "6.3.1"
    "@polkadot/wasm-util" "6.3.1"

"@polkadot/wasm-util@6.3.1":
  version "6.3.1"
  resolved "https://registry.yarnpkg.com/@polkadot/wasm-util/-/wasm-util-6.3.1.tgz#439ebb68a436317af388ed6438b8f879df3afcda"
  integrity sha512-12oAv5J7Yoc9m6jixrSaQCxpOkWOyzHx3DMC8qmLjRiwdBWxqLmImOVRVnFsbaxqSbhBIHRuJphVxWE+GZETDg==
  dependencies:
    "@babel/runtime" "^7.18.9"

"@polkadot/x-bigint@10.1.7", "@polkadot/x-bigint@^10.1.7":
  version "10.1.7"
  resolved "https://registry.yarnpkg.com/@polkadot/x-bigint/-/x-bigint-10.1.7.tgz#1338689476ffdbb9f9cb243df1954ae8186134b9"
  integrity sha512-uaClHpI6cnDumIfejUKvNTkB43JleEb0V6OIufDKJ/e1aCLE3f/Ws9ggwL8ea05lQP5k5xqOzbPdizi/UvrgKQ==
  dependencies:
    "@babel/runtime" "^7.18.9"
    "@polkadot/x-global" "10.1.7"

"@polkadot/x-global@10.1.7":
  version "10.1.7"
  resolved "https://registry.yarnpkg.com/@polkadot/x-global/-/x-global-10.1.7.tgz#91a472ac2f83fd0858dcd0df528844a5b650790e"
  integrity sha512-k2ZUZyBVgDnP/Ysxapa0mthn63j6gsN2V0kZejEQPyOfCHtQQkse3jFvAWdslpWoR8j2k8SN5O6reHc0F4f7mA==
  dependencies:
    "@babel/runtime" "^7.18.9"

"@polkadot/x-randomvalues@10.1.7":
  version "10.1.7"
  resolved "https://registry.yarnpkg.com/@polkadot/x-randomvalues/-/x-randomvalues-10.1.7.tgz#d537f1f7bf3fb03e6c08ae6e6ac36e069c1f9844"
  integrity sha512-3er4UYOlozLGgFYWwcbmcFslmO8m82u4cAGR4AaEag0VdV7jLO/M5lTmivT/3rtLSww6sjkEfr522GM2Q5lmFg==
  dependencies:
    "@babel/runtime" "^7.18.9"
    "@polkadot/x-global" "10.1.7"

"@polkadot/x-textdecoder@10.1.7":
  version "10.1.7"
  resolved "https://registry.yarnpkg.com/@polkadot/x-textdecoder/-/x-textdecoder-10.1.7.tgz#1dd4e6141b1669acdd321a4da1fc6fdc271b7908"
  integrity sha512-iAFOHludmZFOyVL8sQFv4TDqbcqQU5gwwYv74duTA+WQBgbSITJrBahSCV/rXOjUqds9pzQO3qBFzziznNnkiQ==
  dependencies:
    "@babel/runtime" "^7.18.9"
    "@polkadot/x-global" "10.1.7"

"@polkadot/x-textencoder@10.1.7":
  version "10.1.7"
  resolved "https://registry.yarnpkg.com/@polkadot/x-textencoder/-/x-textencoder-10.1.7.tgz#b208601f33b936c7a059f126dbb6b26a87f45864"
  integrity sha512-GzjaWZDbgzZ0IQT60xuZ7cZ0wnlNVYMqpfI9KvBc58X9dPI3TIMwzbXDVzZzpjY1SAqJGs4hJse9HMWZazfhew==
  dependencies:
    "@babel/runtime" "^7.18.9"
    "@polkadot/x-global" "10.1.7"

"@scure/base@1.1.1":
  version "1.1.1"
  resolved "https://registry.yarnpkg.com/@scure/base/-/base-1.1.1.tgz#ebb651ee52ff84f420097055f4bf46cfba403938"
  integrity sha512-ZxOhsSyxYwLJj3pLZCefNitxsj093tb2vq90mp2txoYeBqbcjDjqFhyM8eUjq/uFm6zJ+mUuqxlS2FkuSY1MTA==

"@substrate/ss58-registry@^1.28.0":
  version "1.28.0"
  resolved "https://registry.yarnpkg.com/@substrate/ss58-registry/-/ss58-registry-1.28.0.tgz#39b7fa355d9b97bcb30ef1eedb47b10c3fddcf03"
  integrity sha512-XPSwSq4CThLyg+OnZ5/LHh3SPDQjRdGS3Ux5ClgWhRCQamlU86FCT1LBwQ/i+ximbdBfqKRRzVhm1ql3AJ9FKQ==

"@types/bn.js@^5.1.1":
  version "5.1.1"
  resolved "https://registry.yarnpkg.com/@types/bn.js/-/bn.js-5.1.1.tgz#b51e1b55920a4ca26e9285ff79936bbdec910682"
  integrity sha512-qNrYbZqMx0uJAfKnKclPh+dTwK33KfLHYqtyODwd5HnXOjnkhc4qgn3BrK6RWyGZm5+sIFE7Q7Vz6QQtJB7w7g==
  dependencies:
    "@types/node" "*"

"@types/node@*":
  version "18.7.14"
  resolved "https://registry.yarnpkg.com/@types/node/-/node-18.7.14.tgz#0fe081752a3333392d00586d815485a17c2cf3c9"
  integrity sha512-6bbDaETVi8oyIARulOE9qF1/Qdi/23z6emrUh0fNJRUmjznqrixD4MpGDdgOFk5Xb0m2H6Xu42JGdvAxaJR/wA==

bn.js@^5.2.1:
  version "5.2.1"
  resolved "https://registry.yarnpkg.com/bn.js/-/bn.js-5.2.1.tgz#0bc527a6a0d18d0aa8d5b0538ce4a77dccfa7b70"
  integrity sha512-eXRvHzWyYPBuB4NBy0cmYQjGitUrtqwbvlzP3G6VFnNRbsZQIxQ10PbKKHt8gZ/HW/D/747aDl+QkDqg3KQLMQ==

ed2curve@^0.3.0:
  version "0.3.0"
  resolved "https://registry.yarnpkg.com/ed2curve/-/ed2curve-0.3.0.tgz#322b575152a45305429d546b071823a93129a05d"
  integrity sha512-8w2fmmq3hv9rCrcI7g9hms2pMunQr1JINfcjwR9tAyZqhtyaMN991lF/ZfHfr5tzZQ8c7y7aBgZbjfbd0fjFwQ==
  dependencies:
    tweetnacl "1.x.x"

regenerator-runtime@^0.13.4:
  version "0.13.9"
  resolved "https://registry.yarnpkg.com/regenerator-runtime/-/regenerator-runtime-0.13.9.tgz#8925742a98ffd90814988d7566ad30ca3b263b52"
  integrity sha512-p3VT+cOEgxFsRRA9X4lkI1E+k2/CtnKtU4gcxyaCUreilL/vqI6CdZ3wxVUx3UOUg+gnUOQQcRI7BmSI656MYA==

rxjs@^7.5.6:
  version "7.5.6"
  resolved "https://registry.yarnpkg.com/rxjs/-/rxjs-7.5.6.tgz#0446577557862afd6903517ce7cae79ecb9662bc"
  integrity sha512-dnyv2/YsXhnm461G+R/Pe5bWP41Nm6LBXEYWI6eiFP4fiwx6WRI/CD0zbdVAudd9xwLEF2IDcKXLHit0FYjUzw==
  dependencies:
    tslib "^2.1.0"

tslib@^2.1.0:
  version "2.4.0"
  resolved "https://registry.yarnpkg.com/tslib/-/tslib-2.4.0.tgz#7cecaa7f073ce680a05847aa77be941098f36dc3"
  integrity sha512-d6xOpEDfsi2CZVlPQzGeux8XMwLT9hssAsaPYExaQMuYskwb+x1x7J371tWlbBdWHroy99KnVB6qIkUbs5X3UQ==

tweetnacl@1.x.x, tweetnacl@^1.0.3:
  version "1.0.3"
  resolved "https://registry.yarnpkg.com/tweetnacl/-/tweetnacl-1.0.3.tgz#ac0af71680458d8a6378d0d0d050ab1407d35596"
  integrity sha512-6rt+RN7aOi1nGMyC4Xa5DdYiukl2UWCbcJft7YhxReBGQD7OAM8Pbxw6YMo4r2diNEA8FEmu32YOn9rhaiE5yw==

typescript@^4.3.5:
  version "4.3.5"
  resolved "https://registry.yarnpkg.com/typescript/-/typescript-4.3.5.tgz#4d1c37cc16e893973c45a06886b7113234f119f4"
  integrity sha512-DqQgihaQ9cUrskJo9kIyW/+g0Vxsk8cDtZ52a3NGh0YNTfpUSArXSohyUGnvbPazEPLu398C0UxmKSOrPumUzA==
